// !$*UTF8*$!
{
	archiveVersion = 1;
	classes = {
	};
	objectVersion = 55;
	objects = {

/* Begin PBXBuildFile section */
		757E2FBA285DB32500501B51 /* MoviezPlayApp.swift in Sources */ = {isa = PBXBuildFile; fileRef = 757E2FB9285DB32500501B51 /* MoviezPlayApp.swift */; };
		757E2FBC285DB32500501B51 /* ContentView.swift in Sources */ = {isa = PBXBuildFile; fileRef = 757E2FBB285DB32500501B51 /* ContentView.swift */; };
		757E2FBE285DB32A00501B51 /* Assets.xcassets in Resources */ = {isa = PBXBuildFile; fileRef = 757E2FBD285DB32A00501B51 /* Assets.xcassets */; };
		757E2FC1285DB32A00501B51 /* Preview Assets.xcassets in Resources */ = {isa = PBXBuildFile; fileRef = 757E2FC0285DB32A00501B51 /* Preview Assets.xcassets */; };
		757E2FCD285DB38700501B51 /* Movie.swift in Sources */ = {isa = PBXBuildFile; fileRef = 757E2FCC285DB38700501B51 /* Movie.swift */; };
		757E2FCF285DB60600501B51 /* MovieService.swift in Sources */ = {isa = PBXBuildFile; fileRef = 757E2FCE285DB60600501B51 /* MovieService.swift */; };
		757E2FD1285DB95900501B51 /* MovieStore.swift in Sources */ = {isa = PBXBuildFile; fileRef = 757E2FD0285DB95900501B51 /* MovieStore.swift */; };
		757E2FD3285DBA8800501B51 /* Utils.swift in Sources */ = {isa = PBXBuildFile; fileRef = 757E2FD2285DBA8800501B51 /* Utils.swift */; };
		757E2FD5285F10ED00501B51 /* Movie+Sub.swift in Sources */ = {isa = PBXBuildFile; fileRef = 757E2FD4285F10ED00501B51 /* Movie+Sub.swift */; };
		757E2FD9285F116800501B51 /* movie_info.json in Resources */ = {isa = PBXBuildFile; fileRef = 757E2FD6285F116800501B51 /* movie_info.json */; };
		757E2FDA285F116800501B51 /* movie_list.json in Resources */ = {isa = PBXBuildFile; fileRef = 757E2FD7285F116800501B51 /* movie_list.json */; };
		757E2FDB285F116800501B51 /* search_movie.json in Resources */ = {isa = PBXBuildFile; fileRef = 757E2FD8285F116800501B51 /* search_movie.json */; };
		757E2FDD285F123C00501B51 /* MovieBackdropCard.swift in Sources */ = {isa = PBXBuildFile; fileRef = 757E2FDC285F123C00501B51 /* MovieBackdropCard.swift */; };
		757E2FE0285F125800501B51 /* ImageLoader.swift in Sources */ = {isa = PBXBuildFile; fileRef = 757E2FDF285F125800501B51 /* ImageLoader.swift */; };
		757E2FE2285F1DE700501B51 /* MoviesLatestCard.swift in Sources */ = {isa = PBXBuildFile; fileRef = 757E2FE1285F1DE700501B51 /* MoviesLatestCard.swift */; };
		757E2FE42861E57100501B51 /* MoviePosterView.swift in Sources */ = {isa = PBXBuildFile; fileRef = 757E2FE32861E57100501B51 /* MoviePosterView.swift */; };
		757E2FE62861E8C300501B51 /* MoviePosterCourselView.swift in Sources */ = {isa = PBXBuildFile; fileRef = 757E2FE52861E8C300501B51 /* MoviePosterCourselView.swift */; };
		757E2FE82861EABA00501B51 /* MainView.swift in Sources */ = {isa = PBXBuildFile; fileRef = 757E2FE72861EABA00501B51 /* MainView.swift */; };
		757E2FEA2861EB0C00501B51 /* MovieViewModel.swift in Sources */ = {isa = PBXBuildFile; fileRef = 757E2FE92861EB0C00501B51 /* MovieViewModel.swift */; };
		757E2FEC2861EDC300501B51 /* LoadingView.swift in Sources */ = {isa = PBXBuildFile; fileRef = 757E2FEB2861EDC300501B51 /* LoadingView.swift */; };
		757E2FEE2861EDFC00501B51 /* ActivityIndicatorView.swift in Sources */ = {isa = PBXBuildFile; fileRef = 757E2FED2861EDFC00501B51 /* ActivityIndicatorView.swift */; };
		75B05EF42862C4770061824F /* MovieDetailsView.swift in Sources */ = {isa = PBXBuildFile; fileRef = 75B05EF32862C4770061824F /* MovieDetailsView.swift */; };
		75B05EF62862C4C50061824F /* MovieDetailViewModel.swift in Sources */ = {isa = PBXBuildFile; fileRef = 75B05EF52862C4C50061824F /* MovieDetailViewModel.swift */; };
		75B05EF92862C7F50061824F /* MovieDetailListView.swift in Sources */ = {isa = PBXBuildFile; fileRef = 75B05EF82862C7F50061824F /* MovieDetailListView.swift */; };
		75B05EFB2862C9070061824F /* MovieDetailImage.swift in Sources */ = {isa = PBXBuildFile; fileRef = 75B05EFA2862C9070061824F /* MovieDetailImage.swift */; };
		75B05EFD2862CD000061824F /* SafariView.swift in Sources */ = {isa = PBXBuildFile; fileRef = 75B05EFC2862CD000061824F /* SafariView.swift */; };
		75B05F002862D1510061824F /* SearchViewModel.swift in Sources */ = {isa = PBXBuildFile; fileRef = 75B05EFF2862D1510061824F /* SearchViewModel.swift */; };
		75B05F032862D2E60061824F /* MovieSearchView.swift in Sources */ = {isa = PBXBuildFile; fileRef = 75B05F022862D2E60061824F /* MovieSearchView.swift */; };
		75B05F052862D35F0061824F /* SearchBarView.swift in Sources */ = {isa = PBXBuildFile; fileRef = 75B05F042862D35F0061824F /* SearchBarView.swift */; };
/* End PBXBuildFile section */

/* Begin PBXFileReference section */
		757E2FB6285DB32500501B51 /* MoviezPlay.app */ = {isa = PBXFileReference; explicitFileType = wrapper.application; includeInIndex = 0; path = MoviezPlay.app; sourceTree = BUILT_PRODUCTS_DIR; };
		757E2FB9285DB32500501B51 /* MoviezPlayApp.swift */ = {isa = PBXFileReference; lastKnownFileType = sourcecode.swift; path = MoviezPlayApp.swift; sourceTree = "<group>"; };
		757E2FBB285DB32500501B51 /* ContentView.swift */ = {isa = PBXFileReference; lastKnownFileType = sourcecode.swift; path = ContentView.swift; sourceTree = "<group>"; };
		757E2FBD285DB32A00501B51 /* Assets.xcassets */ = {isa = PBXFileReference; lastKnownFileType = folder.assetcatalog; path = Assets.xcassets; sourceTree = "<group>"; };
		757E2FC0285DB32A00501B51 /* Preview Assets.xcassets */ = {isa = PBXFileReference; lastKnownFileType = folder.assetcatalog; path = "Preview Assets.xcassets"; sourceTree = "<group>"; };
		757E2FCC285DB38700501B51 /* Movie.swift */ = {isa = PBXFileReference; lastKnownFileType = sourcecode.swift; path = Movie.swift; sourceTree = "<group>"; };
		757E2FCE285DB60600501B51 /* MovieService.swift */ = {isa = PBXFileReference; lastKnownFileType = sourcecode.swift; path = MovieService.swift; sourceTree = "<group>"; };
		757E2FD0285DB95900501B51 /* MovieStore.swift */ = {isa = PBXFileReference; lastKnownFileType = sourcecode.swift; path = MovieStore.swift; sourceTree = "<group>"; };
		757E2FD2285DBA8800501B51 /* Utils.swift */ = {isa = PBXFileReference; lastKnownFileType = sourcecode.swift; path = Utils.swift; sourceTree = "<group>"; };
		757E2FD4285F10ED00501B51 /* Movie+Sub.swift */ = {isa = PBXFileReference; lastKnownFileType = sourcecode.swift; path = "Movie+Sub.swift"; sourceTree = "<group>"; };
		757E2FD6285F116800501B51 /* movie_info.json */ = {isa = PBXFileReference; fileEncoding = 4; lastKnownFileType = text.json; path = movie_info.json; sourceTree = "<group>"; };
		757E2FD7285F116800501B51 /* movie_list.json */ = {isa = PBXFileReference; fileEncoding = 4; lastKnownFileType = text.json; path = movie_list.json; sourceTree = "<group>"; };
		757E2FD8285F116800501B51 /* search_movie.json */ = {isa = PBXFileReference; fileEncoding = 4; lastKnownFileType = text.json; path = search_movie.json; sourceTree = "<group>"; };
		757E2FDC285F123C00501B51 /* MovieBackdropCard.swift */ = {isa = PBXFileReference; lastKnownFileType = sourcecode.swift; path = MovieBackdropCard.swift; sourceTree = "<group>"; };
		757E2FDF285F125800501B51 /* ImageLoader.swift */ = {isa = PBXFileReference; lastKnownFileType = sourcecode.swift; path = ImageLoader.swift; sourceTree = "<group>"; };
		757E2FE1285F1DE700501B51 /* MoviesLatestCard.swift */ = {isa = PBXFileReference; lastKnownFileType = sourcecode.swift; path = MoviesLatestCard.swift; sourceTree = "<group>"; };
		757E2FE32861E57100501B51 /* MoviePosterView.swift */ = {isa = PBXFileReference; lastKnownFileType = sourcecode.swift; path = MoviePosterView.swift; sourceTree = "<group>"; };
		757E2FE52861E8C300501B51 /* MoviePosterCourselView.swift */ = {isa = PBXFileReference; lastKnownFileType = sourcecode.swift; path = MoviePosterCourselView.swift; sourceTree = "<group>"; };
		757E2FE72861EABA00501B51 /* MainView.swift */ = {isa = PBXFileReference; lastKnownFileType = sourcecode.swift; path = MainView.swift; sourceTree = "<group>"; };
		757E2FE92861EB0C00501B51 /* MovieViewModel.swift */ = {isa = PBXFileReference; lastKnownFileType = sourcecode.swift; path = MovieViewModel.swift; sourceTree = "<group>"; };
		757E2FEB2861EDC300501B51 /* LoadingView.swift */ = {isa = PBXFileReference; lastKnownFileType = sourcecode.swift; path = LoadingView.swift; sourceTree = "<group>"; };
		757E2FED2861EDFC00501B51 /* ActivityIndicatorView.swift */ = {isa = PBXFileReference; lastKnownFileType = sourcecode.swift; path = ActivityIndicatorView.swift; sourceTree = "<group>"; };
		75B05EF32862C4770061824F /* MovieDetailsView.swift */ = {isa = PBXFileReference; lastKnownFileType = sourcecode.swift; path = MovieDetailsView.swift; sourceTree = "<group>"; };
		75B05EF52862C4C50061824F /* MovieDetailViewModel.swift */ = {isa = PBXFileReference; lastKnownFileType = sourcecode.swift; path = MovieDetailViewModel.swift; sourceTree = "<group>"; };
		75B05EF82862C7F50061824F /* MovieDetailListView.swift */ = {isa = PBXFileReference; lastKnownFileType = sourcecode.swift; path = MovieDetailListView.swift; sourceTree = "<group>"; };
		75B05EFA2862C9070061824F /* MovieDetailImage.swift */ = {isa = PBXFileReference; lastKnownFileType = sourcecode.swift; path = MovieDetailImage.swift; sourceTree = "<group>"; };
		75B05EFC2862CD000061824F /* SafariView.swift */ = {isa = PBXFileReference; lastKnownFileType = sourcecode.swift; path = SafariView.swift; sourceTree = "<group>"; };
		75B05EFF2862D1510061824F /* SearchViewModel.swift */ = {isa = PBXFileReference; lastKnownFileType = sourcecode.swift; path = SearchViewModel.swift; sourceTree = "<group>"; };
		75B05F022862D2E60061824F /* MovieSearchView.swift */ = {isa = PBXFileReference; lastKnownFileType = sourcecode.swift; path = MovieSearchView.swift; sourceTree = "<group>"; };
		75B05F042862D35F0061824F /* SearchBarView.swift */ = {isa = PBXFileReference; lastKnownFileType = sourcecode.swift; path = SearchBarView.swift; sourceTree = "<group>"; };
/* End PBXFileReference section */

/* Begin PBXFrameworksBuildPhase section */
		757E2FB3285DB32500501B51 /* Frameworks */ = {
			isa = PBXFrameworksBuildPhase;
			buildActionMask = 2147483647;
			files = (
			);
			runOnlyForDeploymentPostprocessing = 0;
		};
/* End PBXFrameworksBuildPhase section */

/* Begin PBXGroup section */
		757E2FAD285DB32500501B51 = {
			isa = PBXGroup;
			children = (
				757E2FB8285DB32500501B51 /* MoviezPlay */,
				757E2FB7285DB32500501B51 /* Products */,
			);
			sourceTree = "<group>";
		};
		757E2FB7285DB32500501B51 /* Products */ = {
			isa = PBXGroup;
			children = (
				757E2FB6285DB32500501B51 /* MoviezPlay.app */,
			);
			name = Products;
			sourceTree = "<group>";
		};
		757E2FB8285DB32500501B51 /* MoviezPlay */ = {
			isa = PBXGroup;
			children = (
				757E2FDE285F124900501B51 /* Binding */,
				757E2FCB285DB36D00501B51 /* Resources */,
				757E2FCA285DB36300501B51 /* Services */,
				757E2FC9285DB35D00501B51 /* View */,
				757E2FC8285DB35500501B51 /* ViewModel */,
				757E2FC7285DB35000501B51 /* Model */,
				757E2FB9285DB32500501B51 /* MoviezPlayApp.swift */,
				757E2FBB285DB32500501B51 /* ContentView.swift */,
				757E2FBD285DB32A00501B51 /* Assets.xcassets */,
				757E2FBF285DB32A00501B51 /* Preview Content */,
			);
			path = MoviezPlay;
			sourceTree = "<group>";
		};
		757E2FBF285DB32A00501B51 /* Preview Content */ = {
			isa = PBXGroup;
			children = (
				757E2FC0285DB32A00501B51 /* Preview Assets.xcassets */,
			);
			path = "Preview Content";
			sourceTree = "<group>";
		};
		757E2FC7285DB35000501B51 /* Model */ = {
			isa = PBXGroup;
			children = (
				757E2FCC285DB38700501B51 /* Movie.swift */,
				757E2FD4285F10ED00501B51 /* Movie+Sub.swift */,
			);
			path = Model;
			sourceTree = "<group>";
		};
		757E2FC8285DB35500501B51 /* ViewModel */ = {
			isa = PBXGroup;
			children = (
				757E2FE92861EB0C00501B51 /* MovieViewModel.swift */,
				75B05EF52862C4C50061824F /* MovieDetailViewModel.swift */,
				75B05EFF2862D1510061824F /* SearchViewModel.swift */,
			);
			path = ViewModel;
			sourceTree = "<group>";
		};
		757E2FC9285DB35D00501B51 /* View */ = {
			isa = PBXGroup;
			children = (
				75B05F012862D2D10061824F /* SerachView */,
				75B05EFE2862CE170061824F /* MovieDetail */,
				757E2FDC285F123C00501B51 /* MovieBackdropCard.swift */,
				757E2FE1285F1DE700501B51 /* MoviesLatestCard.swift */,
				757E2FE32861E57100501B51 /* MoviePosterView.swift */,
				757E2FE52861E8C300501B51 /* MoviePosterCourselView.swift */,
				757E2FE72861EABA00501B51 /* MainView.swift */,
				757E2FEB2861EDC300501B51 /* LoadingView.swift */,
			);
			path = View;
			sourceTree = "<group>";
		};
		757E2FCA285DB36300501B51 /* Services */ = {
			isa = PBXGroup;
			children = (
				757E2FCE285DB60600501B51 /* MovieService.swift */,
				757E2FD0285DB95900501B51 /* MovieStore.swift */,
			);
			path = Services;
			sourceTree = "<group>";
		};
		757E2FCB285DB36D00501B51 /* Resources */ = {
			isa = PBXGroup;
			children = (
				757E2FD6285F116800501B51 /* movie_info.json */,
				757E2FD7285F116800501B51 /* movie_list.json */,
				757E2FD8285F116800501B51 /* search_movie.json */,
			);
			path = Resources;
			sourceTree = "<group>";
		};
		757E2FDE285F124900501B51 /* Binding */ = {
			isa = PBXGroup;
			children = (
				757E2FD2285DBA8800501B51 /* Utils.swift */,
				757E2FDF285F125800501B51 /* ImageLoader.swift */,
				757E2FED2861EDFC00501B51 /* ActivityIndicatorView.swift */,
				75B05EFC2862CD000061824F /* SafariView.swift */,
			);
			path = Binding;
			sourceTree = "<group>";
		};
		75B05EFE2862CE170061824F /* MovieDetail */ = {
			isa = PBXGroup;
			children = (
				75B05EFA2862C9070061824F /* MovieDetailImage.swift */,
				75B05EF82862C7F50061824F /* MovieDetailListView.swift */,
				75B05EF32862C4770061824F /* MovieDetailsView.swift */,
			);
			path = MovieDetail;
			sourceTree = "<group>";
		};
		75B05F012862D2D10061824F /* SerachView */ = {
			isa = PBXGroup;
			children = (
				75B05F042862D35F0061824F /* SearchBarView.swift */,
				75B05F022862D2E60061824F /* MovieSearchView.swift */,
			);
			path = SerachView;
			sourceTree = "<group>";
		};
/* End PBXGroup section */

/* Begin PBXNativeTarget section */
		757E2FB5285DB32500501B51 /* MoviezPlay */ = {
			isa = PBXNativeTarget;
			buildConfigurationList = 757E2FC4285DB32A00501B51 /* Build configuration list for PBXNativeTarget "MoviezPlay" */;
			buildPhases = (
				757E2FB2285DB32500501B51 /* Sources */,
				757E2FB3285DB32500501B51 /* Frameworks */,
				757E2FB4285DB32500501B51 /* Resources */,
			);
			buildRules = (
			);
			dependencies = (
			);
			name = MoviezPlay;
			productName = MoviezPlay;
			productReference = 757E2FB6285DB32500501B51 /* MoviezPlay.app */;
			productType = "com.apple.product-type.application";
		};
/* End PBXNativeTarget section */

/* Begin PBXProject section */
		757E2FAE285DB32500501B51 /* Project object */ = {
			isa = PBXProject;
			attributes = {
				BuildIndependentTargetsInParallel = 1;
				LastSwiftUpdateCheck = 1340;
				LastUpgradeCheck = 1340;
				TargetAttributes = {
					757E2FB5285DB32500501B51 = {
						CreatedOnToolsVersion = 13.4.1;
					};
				};
			};
			buildConfigurationList = 757E2FB1285DB32500501B51 /* Build configuration list for PBXProject "MoviezPlay" */;
			compatibilityVersion = "Xcode 13.0";
			developmentRegion = en;
			hasScannedForEncodings = 0;
			knownRegions = (
				en,
				Base,
			);
			mainGroup = 757E2FAD285DB32500501B51;
			productRefGroup = 757E2FB7285DB32500501B51 /* Products */;
			projectDirPath = "";
			projectRoot = "";
			targets = (
				757E2FB5285DB32500501B51 /* MoviezPlay */,
			);
		};
/* End PBXProject section */

/* Begin PBXResourcesBuildPhase section */
		757E2FB4285DB32500501B51 /* Resources */ = {
			isa = PBXResourcesBuildPhase;
			buildActionMask = 2147483647;
			files = (
				757E2FC1285DB32A00501B51 /* Preview Assets.xcassets in Resources */,
				757E2FD9285F116800501B51 /* movie_info.json in Resources */,
				757E2FDA285F116800501B51 /* movie_list.json in Resources */,
				757E2FDB285F116800501B51 /* search_movie.json in Resources */,
				757E2FBE285DB32A00501B51 /* Assets.xcassets in Resources */,
			);
			runOnlyForDeploymentPostprocessing = 0;
		};
/* End PBXResourcesBuildPhase section */

/* Begin PBXSourcesBuildPhase section */
		757E2FB2285DB32500501B51 /* Sources */ = {
			isa = PBXSourcesBuildPhase;
			buildActionMask = 2147483647;
			files = (
				75B05F002862D1510061824F /* SearchViewModel.swift in Sources */,
				757E2FE62861E8C300501B51 /* MoviePosterCourselView.swift in Sources */,
				757E2FE82861EABA00501B51 /* MainView.swift in Sources */,
				757E2FD5285F10ED00501B51 /* Movie+Sub.swift in Sources */,
				75B05F052862D35F0061824F /* SearchBarView.swift in Sources */,
				757E2FBC285DB32500501B51 /* ContentView.swift in Sources */,
				757E2FDD285F123C00501B51 /* MovieBackdropCard.swift in Sources */,
				757E2FBA285DB32500501B51 /* MoviezPlayApp.swift in Sources */,
				757E2FEA2861EB0C00501B51 /* MovieViewModel.swift in Sources */,
				757E2FCF285DB60600501B51 /* MovieService.swift in Sources */,
				75B05EF62862C4C50061824F /* MovieDetailViewModel.swift in Sources */,
				75B05EF42862C4770061824F /* MovieDetailsView.swift in Sources */,
				757E2FEC2861EDC300501B51 /* LoadingView.swift in Sources */,
				757E2FE0285F125800501B51 /* ImageLoader.swift in Sources */,
				75B05F032862D2E60061824F /* MovieSearchView.swift in Sources */,
				757E2FCD285DB38700501B51 /* Movie.swift in Sources */,
				75B05EFD2862CD000061824F /* SafariView.swift in Sources */,
				75B05EF92862C7F50061824F /* MovieDetailListView.swift in Sources */,
				757E2FEE2861EDFC00501B51 /* ActivityIndicatorView.swift in Sources */,
				757E2FD1285DB95900501B51 /* MovieStore.swift in Sources */,
				757E2FD3285DBA8800501B51 /* Utils.swift in Sources */,
				757E2FE2285F1DE700501B51 /* MoviesLatestCard.swift in Sources */,
				757E2FE42861E57100501B51 /* MoviePosterView.swift in Sources */,
				75B05EFB2862C9070061824F /* MovieDetailImage.swift in Sources */,
			);
			runOnlyForDeploymentPostprocessing = 0;
		};
/* End PBXSourcesBuildPhase section */

/* Begin XCBuildConfiguration section */
		757E2FC2285DB32A00501B51 /* Debug */ = {
			isa = XCBuildConfiguration;
			buildSettings = {
				ALWAYS_SEARCH_USER_PATHS = NO;
				CLANG_ANALYZER_NONNULL = YES;
				CLANG_ANALYZER_NUMBER_OBJECT_CONVERSION = YES_AGGRESSIVE;
				CLANG_CXX_LANGUAGE_STANDARD = "gnu++17";
				CLANG_ENABLE_MODULES = YES;
				CLANG_ENABLE_OBJC_ARC = YES;
				CLANG_ENABLE_OBJC_WEAK = YES;
				CLANG_WARN_BLOCK_CAPTURE_AUTORELEASING = YES;
				CLANG_WARN_BOOL_CONVERSION = YES;
				CLANG_WARN_COMMA = YES;
				CLANG_WARN_CONSTANT_CONVERSION = YES;
				CLANG_WARN_DEPRECATED_OBJC_IMPLEMENTATIONS = YES;
				CLANG_WARN_DIRECT_OBJC_ISA_USAGE = YES_ERROR;
				CLANG_WARN_DOCUMENTATION_COMMENTS = YES;
				CLANG_WARN_EMPTY_BODY = YES;
				CLANG_WARN_ENUM_CONVERSION = YES;
				CLANG_WARN_INFINITE_RECURSION = YES;
				CLANG_WARN_INT_CONVERSION = YES;
				CLANG_WARN_NON_LITERAL_NULL_CONVERSION = YES;
				CLANG_WARN_OBJC_IMPLICIT_RETAIN_SELF = YES;
				CLANG_WARN_OBJC_LITERAL_CONVERSION = YES;
				CLANG_WARN_OBJC_ROOT_CLASS = YES_ERROR;
				CLANG_WARN_QUOTED_INCLUDE_IN_FRAMEWORK_HEADER = YES;
				CLANG_WARN_RANGE_LOOP_ANALYSIS = YES;
				CLANG_WARN_STRICT_PROTOTYPES = YES;
				CLANG_WARN_SUSPICIOUS_MOVE = YES;
				CLANG_WARN_UNGUARDED_AVAILABILITY = YES_AGGRESSIVE;
				CLANG_WARN_UNREACHABLE_CODE = YES;
				CLANG_WARN__DUPLICATE_METHOD_MATCH = YES;
				COPY_PHASE_STRIP = NO;
				DEBUG_INFORMATION_FORMAT = dwarf;
				ENABLE_STRICT_OBJC_MSGSEND = YES;
				ENABLE_TESTABILITY = YES;
				GCC_C_LANGUAGE_STANDARD = gnu11;
				GCC_DYNAMIC_NO_PIC = NO;
				GCC_NO_COMMON_BLOCKS = YES;
				GCC_OPTIMIZATION_LEVEL = 0;
				GCC_PREPROCESSOR_DEFINITIONS = (
					"DEBUG=1",
					"$(inherited)",
				);
				GCC_WARN_64_TO_32_BIT_CONVERSION = YES;
				GCC_WARN_ABOUT_RETURN_TYPE = YES_ERROR;
				GCC_WARN_UNDECLARED_SELECTOR = YES;
				GCC_WARN_UNINITIALIZED_AUTOS = YES_AGGRESSIVE;
				GCC_WARN_UNUSED_FUNCTION = YES;
				GCC_WARN_UNUSED_VARIABLE = YES;
				IPHONEOS_DEPLOYMENT_TARGET = 15.5;
				MTL_ENABLE_DEBUG_INFO = INCLUDE_SOURCE;
				MTL_FAST_MATH = YES;
				ONLY_ACTIVE_ARCH = YES;
				SDKROOT = iphoneos;
				SWIFT_ACTIVE_COMPILATION_CONDITIONS = DEBUG;
				SWIFT_OPTIMIZATION_LEVEL = "-Onone";
			};
			name = Debug;
		};
		757E2FC3285DB32A00501B51 /* Release */ = {
			isa = XCBuildConfiguration;
			buildSettings = {
				ALWAYS_SEARCH_USER_PATHS = NO;
				CLANG_ANALYZER_NONNULL = YES;
				CLANG_ANALYZER_NUMBER_OBJECT_CONVERSION = YES_AGGRESSIVE;
				CLANG_CXX_LANGUAGE_STANDARD = "gnu++17";
				CLANG_ENABLE_MODULES = YES;
				CLANG_ENABLE_OBJC_ARC = YES;
				CLANG_ENABLE_OBJC_WEAK = YES;
				CLANG_WARN_BLOCK_CAPTURE_AUTORELEASING = YES;
				CLANG_WARN_BOOL_CONVERSION = YES;
				CLANG_WARN_COMMA = YES;
				CLANG_WARN_CONSTANT_CONVERSION = YES;
				CLANG_WARN_DEPRECATED_OBJC_IMPLEMENTATIONS = YES;
				CLANG_WARN_DIRECT_OBJC_ISA_USAGE = YES_ERROR;
				CLANG_WARN_DOCUMENTATION_COMMENTS = YES;
				CLANG_WARN_EMPTY_BODY = YES;
				CLANG_WARN_ENUM_CONVERSION = YES;
				CLANG_WARN_INFINITE_RECURSION = YES;
				CLANG_WARN_INT_CONVERSION = YES;
				CLANG_WARN_NON_LITERAL_NULL_CONVERSION = YES;
				CLANG_WARN_OBJC_IMPLICIT_RETAIN_SELF = YES;
				CLANG_WARN_OBJC_LITERAL_CONVERSION = YES;
				CLANG_WARN_OBJC_ROOT_CLASS = YES_ERROR;
				CLANG_WARN_QUOTED_INCLUDE_IN_FRAMEWORK_HEADER = YES;
				CLANG_WARN_RANGE_LOOP_ANALYSIS = YES;
				CLANG_WARN_STRICT_PROTOTYPES = YES;
				CLANG_WARN_SUSPICIOUS_MOVE = YES;
				CLANG_WARN_UNGUARDED_AVAILABILITY = YES_AGGRESSIVE;
				CLANG_WARN_UNREACHABLE_CODE = YES;
				CLANG_WARN__DUPLICATE_METHOD_MATCH = YES;
				COPY_PHASE_STRIP = NO;
				DEBUG_INFORMATION_FORMAT = "dwarf-with-dsym";
				ENABLE_NS_ASSERTIONS = NO;
				ENABLE_STRICT_OBJC_MSGSEND = YES;
				GCC_C_LANGUAGE_STANDARD = gnu11;
				GCC_NO_COMMON_BLOCKS = YES;
				GCC_WARN_64_TO_32_BIT_CONVERSION = YES;
				GCC_WARN_ABOUT_RETURN_TYPE = YES_ERROR;
				GCC_WARN_UNDECLARED_SELECTOR = YES;
				GCC_WARN_UNINITIALIZED_AUTOS = YES_AGGRESSIVE;
				GCC_WARN_UNUSED_FUNCTION = YES;
				GCC_WARN_UNUSED_VARIABLE = YES;
				IPHONEOS_DEPLOYMENT_TARGET = 15.5;
				MTL_ENABLE_DEBUG_INFO = NO;
				MTL_FAST_MATH = YES;
				SDKROOT = iphoneos;
				SWIFT_COMPILATION_MODE = wholemodule;
				SWIFT_OPTIMIZATION_LEVEL = "-O";
				VALIDATE_PRODUCT = YES;
			};
			name = Release;
		};
		757E2FC5285DB32A00501B51 /* Debug */ = {
			isa = XCBuildConfiguration;
			buildSettings = {
				ASSETCATALOG_COMPILER_APPICON_NAME = AppIcon;
				ASSETCATALOG_COMPILER_GLOBAL_ACCENT_COLOR_NAME = AccentColor;
				CODE_SIGN_STYLE = Automatic;
				CURRENT_PROJECT_VERSION = 1;
				DEVELOPMENT_ASSET_PATHS = "\"MoviezPlay/Preview Content\"";
				ENABLE_PREVIEWS = YES;
				GENERATE_INFOPLIST_FILE = YES;
				INFOPLIST_KEY_UIApplicationSceneManifest_Generation = YES;
				INFOPLIST_KEY_UIApplicationSupportsIndirectInputEvents = YES;
				INFOPLIST_KEY_UILaunchScreen_Generation = YES;
				INFOPLIST_KEY_UISupportedInterfaceOrientations_iPad = "UIInterfaceOrientationPortrait UIInterfaceOrientationPortraitUpsideDown UIInterfaceOrientationLandscapeLeft UIInterfaceOrientationLandscapeRight";
				INFOPLIST_KEY_UISupportedInterfaceOrientations_iPhone = "UIInterfaceOrientationPortrait UIInterfaceOrientationLandscapeLeft UIInterfaceOrientationLandscapeRight";
				LD_RUNPATH_SEARCH_PATHS = (
					"$(inherited)",
					"@executable_path/Frameworks",
				);
				MARKETING_VERSION = 1.0;
				PRODUCT_BUNDLE_IDENTIFIER = com.ashish.MoviezPlay;
				PRODUCT_NAME = "$(TARGET_NAME)";
				SWIFT_EMIT_LOC_STRINGS = YES;
				SWIFT_VERSION = 5.0;
				TARGETED_DEVICE_FAMILY = "1,2";
			};
			name = Debug;
		};
		757E2FC6285DB32A00501B51 /* Release */ = {
			isa = XCBuildConfiguration;
			buildSettings = {
				ASSETCATALOG_COMPILER_APPICON_NAME = AppIcon;
				ASSETCATALOG_COMPILER_GLOBAL_ACCENT_COLOR_NAME = AccentColor;
				CODE_SIGN_STYLE = Automatic;
				CURRENT_PROJECT_VERSION = 1;
				DEVELOPMENT_ASSET_PATHS = "\"MoviezPlay/Preview Content\"";
				ENABLE_PREVIEWS = YES;
				GENERATE_INFOPLIST_FILE = YES;
				INFOPLIST_KEY_UIApplicationSceneManifest_Generation = YES;
				INFOPLIST_KEY_UIApplicationSupportsIndirectInputEvents = YES;
				INFOPLIST_KEY_UILaunchScreen_Generation = YES;
				INFOPLIST_KEY_UISupportedInterfaceOrientations_iPad = "UIInterfaceOrientationPortrait UIInterfaceOrientationPortraitUpsideDown UIInterfaceOrientationLandscapeLeft UIInterfaceOrientationLandscapeRight";
				INFOPLIST_KEY_UISupportedInterfaceOrientations_iPhone = "UIInterfaceOrientationPortrait UIInterfaceOrientationLandscapeLeft UIInterfaceOrientationLandscapeRight";
				LD_RUNPATH_SEARCH_PATHS = (
					"$(inherited)",
					"@executable_path/Frameworks",
				);
				MARKETING_VERSION = 1.0;
				PRODUCT_BUNDLE_IDENTIFIER = com.ashish.MoviezPlay;
				PRODUCT_NAME = "$(TARGET_NAME)";
				SWIFT_EMIT_LOC_STRINGS = YES;
				SWIFT_VERSION = 5.0;
				TARGETED_DEVICE_FAMILY = "1,2";
			};
			name = Release;
		};
/* End XCBuildConfiguration section */

/* Begin XCConfigurationList section */
		757E2FB1285DB32500501B51 /* Build configuration list for PBXProject "MoviezPlay" */ = {
			isa = XCConfigurationList;
			buildConfigurations = (
				757E2FC2285DB32A00501B51 /* Debug */,
				757E2FC3285DB32A00501B51 /* Release */,
			);
			defaultConfigurationIsVisible = 0;
			defaultConfigurationName = Release;
		};
		757E2FC4285DB32A00501B51 /* Build configuration list for PBXNativeTarget "MoviezPlay" */ = {
			isa = XCConfigurationList;
			buildConfigurations = (
				757E2FC5285DB32A00501B51 /* Debug */,
				757E2FC6285DB32A00501B51 /* Release */,
			);
			defaultConfigurationIsVisible = 0;
			defaultConfigurationName = Release;
		};
/* End XCConfigurationList section */
	};
	rootObject = 757E2FAE285DB32500501B51 /* Project object */;
}
